<?xml version="1.0" encoding="utf-8"?>
<Project ToolsVersion="4.0" xmlns="http://schemas.microsoft.com/developer/msbuild/2003">
  <ItemGroup>
    <Filter Include="Platform">
      <UniqueIdentifier>{2AC788B4-1694-E3BF-3FAD-D1672BD9184E}</UniqueIdentifier>
    </Filter>
    <Filter Include="Platform\OpenGl">
      <UniqueIdentifier>{3E7D2C1D-AA08-9AE1-B319-1DD61F24F6E1}</UniqueIdentifier>
    </Filter>
    <Filter Include="Platform\Windows">
      <UniqueIdentifier>{64FBD71A-50F4-F66C-7926-DCF1657ED678}</UniqueIdentifier>
    </Filter>
    <Filter Include="Sweetie_c">
      <UniqueIdentifier>{BD8AD0DB-29F5-8452-7233-36F8DEDC62A7}</UniqueIdentifier>
    </Filter>
    <Filter Include="Sweetie_c\Events">
      <UniqueIdentifier>{0120A126-ED18-C078-164B-A5FD02A39F84}</UniqueIdentifier>
    </Filter>
    <Filter Include="Sweetie_c\ImGui">
      <UniqueIdentifier>{A75957A4-13E5-C468-1CF6-475D88002169}</UniqueIdentifier>
    </Filter>
  </ItemGroup>
  <ItemGroup>
    <ClInclude Include="src\Platform\OpenGl\imgui_impl_glfw.h">
      <Filter>Platform\OpenGl</Filter>
    </ClInclude>
    <ClInclude Include="src\Platform\OpenGl\imgui_impl_opengl3.h">
      <Filter>Platform\OpenGl</Filter>
    </ClInclude>
    <ClInclude Include="src\Platform\Windows\WindowsWindow.h">
      <Filter>Platform\Windows</Filter>
    </ClInclude>
    <ClInclude Include="src\Sweetie.h" />
    <ClInclude Include="src\Sweetie_c\Application.h">
      <Filter>Sweetie_c</Filter>
    </ClInclude>
    <ClInclude Include="src\Sweetie_c\Core.h">
      <Filter>Sweetie_c</Filter>
    </ClInclude>
    <ClInclude Include="src\Sweetie_c\EntryPoint.h">
      <Filter>Sweetie_c</Filter>
    </ClInclude>
    <ClInclude Include="src\Sweetie_c\Events\Event.h">
      <Filter>Sweetie_c\Events</Filter>
    </ClInclude>
    <ClInclude Include="src\Sweetie_c\Events\KeyboardEvent.h">
      <Filter>Sweetie_c\Events</Filter>
    </ClInclude>
    <ClInclude Include="src\Sweetie_c\Events\MouseEvent.h">
      <Filter>Sweetie_c\Events</Filter>
    </ClInclude>
    <ClInclude Include="src\Sweetie_c\Events\WindowEvents.h">
      <Filter>Sweetie_c\Events</Filter>
    </ClInclude>
    <ClInclude Include="src\Sweetie_c\ImGui\ImGuiLLayer.h">
      <Filter>Sweetie_c\ImGui</Filter>
    </ClInclude>
    <ClInclude Include="src\Sweetie_c\Layer.h">
      <Filter>Sweetie_c</Filter>
    </ClInclude>
    <ClInclude Include="src\Sweetie_c\LayerStack.h">
      <Filter>Sweetie_c</Filter>
    </ClInclude>
    <ClInclude Include="src\Sweetie_c\Log.h">
      <Filter>Sweetie_c</Filter>
    </ClInclude>
    <ClInclude Include="src\Sweetie_c\OpenGLRenderer.h">
      <Filter>Sweetie_c</Filter>
    </ClInclude>
    <ClInclude Include="src\Sweetie_c\Window.h">
      <Filter>Sweetie_c</Filter>
    </ClInclude>
    <ClInclude Include="src\pch.h" />
  </ItemGroup>
  <ItemGroup>
    <ClCompile Include="src\Platform\OpenGl\imgui_impl_glfw.cpp">
      <Filter>Platform\OpenGl</Filter>
    </ClCompile>
    <ClCompile Include="src\Platform\OpenGl\imgui_impl_opengl3.cpp">
      <Filter>Platform\OpenGl</Filter>
    </ClCompile>
    <ClCompile Include="src\Platform\Windows\WindowsWindow.cpp">
      <Filter>Platform\Windows</Filter>
    </ClCompile>
    <ClCompile Include="src\Sweetie_c\Application.cpp">
      <Filter>Sweetie_c</Filter>
    </ClCompile>
    <ClCompile Include="src\Sweetie_c\ImGui\ImGuiLLayer.cpp">
      <Filter>Sweetie_c\ImGui</Filter>
    </ClCompile>
    <ClCompile Include="src\Sweetie_c\LayerStack.cpp">
      <Filter>Sweetie_c</Filter>
    </ClCompile>
    <ClCompile Include="src\Sweetie_c\Log.cpp">
      <Filter>Sweetie_c</Filter>
    </ClCompile>
    <ClCompile Include="src\Sweetie_c\OpenGLRenderer.cpp">
      <Filter>Sweetie_c</Filter>
    </ClCompile>
    <ClCompile Include="src\pch.cpp" />
  </ItemGroup>
</Project>